{
  "name": "aengine-codegraph-local",
  "version": "0.0.0",
  "lockfileVersion": 3,
  "requires": true,
  "packages": {
    "": {
      "name": "aengine-codegraph-local",
      "version": "0.0.0",
      "dependencies": {
        "@colbymchenry/codegraph": "1.5.0"
      }
    },
    "node_modules/@colbymchenry/codegraph": {
      "version": "1.5.0",
      "resolved": "https://registry.npmjs.org/@colbymchenry/codegraph/-/codegraph-1.5.0.tgz",
      "integrity": "sha512-/l1JMVOQ9WGQLrc/IIuAg7Igr944t79/oNCJTcnGkYtIeQx2XFIqI0ho+9Les/Yu4zKfmPU17hIUshD6yP1fKw==",
      "license": "MIT",
      "bin": {
        "codegraph": "npm-shim.js"
      },
      "optionalDependencies": {
        "@colbymchenry/codegraph-darwin-arm64": "1.5.0",
        "@colbymchenry/codegraph-darwin-x64": "1.5.0",
        "@colbymchenry/codegraph-linux-arm64": "1.5.0",
        "@colbymchenry/codegraph-linux-x64": "1.5.0",
        "@colbymchenry/codegraph-win32-arm64": "1.5.0",
        "@colbymchenry/codegraph-win32-x64": "1.5.0"
      }
    },
    "node_modules/@colbymchenry/codegraph-darwin-arm64": {
      "version": "1.5.0",
      "resolved": "https://registry.npmjs.org/@colbymchenry/codegraph-darwin-arm64/-/codegraph-darwin-arm64-1.5.0.tgz",
      "integrity": "sha512-ptQV1WlEKCDDy0Wl2r/urVGwaczUn5ezjt/Rv22Gj7RnKHAc9pNdU1uvL3gQzvoWJ9q7kmCeo7q6866/ZohbjQ==",
      "cpu": [
        "arm64"
      ],
      "license": "MIT",
      "optional": true,
      "os": [
        "darwin"
      ]
    },
    "node_modules/@colbymchenry/codegraph-darwin-x64": {
      "version": "1.5.0",
      "resolved": "https://registry.npmjs.org/@colbymchenry/codegraph-darwin-x64/-/codegraph-darwin-x64-1.5.0.tgz",
      "integrity": "sha512-7BUOOxMacLNXmXTQTrjDTZXhbo0o5R5Z19uKjICIau2KxO9oU+Zbk7Bnf4P/JT1T4M41xRuiCJVE1uqBi6cFWA==",
      "cpu": [
        "x64"
      ],
      "license": "MIT",
      "optional": true,
      "os": [
        "darwin"
      ]
    },
    "node_modules/@colbymchenry/codegraph-linux-arm64": {
      "version": "1.5.0",
      "resolved": "https://registry.npmjs.org/@colbymchenry/codegraph-linux-arm64/-/codegraph-linux-arm64-1.5.0.tgz",
      "integrity": "sha512-Bq5Ggb7PoLF7mnOiGl/UxMrDgrPCAQUMsl7BpMkAxq8FulvVEp7E/GrIQih2YB32vWr18KpN2i2VoRLAHLIDUw==",
      "cpu": [
        "arm64"
      ],
      "license": "MIT",
      "optional": true,
      "os": [
        "linux"
      ]
    },
    "node_modules/@colbymchenry/codegraph-linux-x64": {
      "version": "1.5.0",
      "resolved": "https://registry.npmjs.org/@colbymchenry/codegraph-linux-x64/-/codegraph-linux-x64-1.5.0.tgz",
      "integrity": "sha512-wT1O7NkQoV6zPiq36d1qBqoIHL2ZRnOkFMjQ7JJwWS7KHnP32qHCd/pPaSwl8cNRlGYkYSaX3WVDpz2BaV+Now==",
      "cpu": [
        "x64"
      ],
      "license": "MIT",
      "optional": true,
      "os": [
        "linux"
      ]
    },
    "node_modules/@colbymchenry/codegraph-win32-arm64": {
      "version": "1.5.0",
      "resolved": "https://registry.npmjs.org/@colbymchenry/codegraph-win32-arm64/-/codegraph-win32-arm64-1.5.0.tgz",
      "integrity": "sha512-cWMJp8BeVLKR1mUVklI3opy9mJL/yrVkvjBqJFXRejM8CCU+UTpPDxDzQuPyywY0qyD0Ru2tjuWT4do7OUcNvg==",
      "cpu": [
        "arm64"
      ],
      "license": "MIT",
      "optional": true,
      "os": [
        "win32"
      ]
    },
    "node_modules/@colbymchenry/codegraph-win32-x64": {
      "version": "1.5.0",
      "resolved": "https://registry.npmjs.org/@colbymchenry/codegraph-win32-x64/-/codegraph-win32-x64-1.5.0.tgz",
      "integrity": "sha512-45gycJ+t153vpLEVkXChEySG1Ok5zqCgiBeonLe5V7Jxt1w+MF2vG00qexTC0pBWTmHSeMW4Q8d47nVMiC8ciQ==",
      "cpu": [
        "x64"
      ],
      "license": "MIT",
      "optional": true,
      "os": [
        "win32"
      ]
    }
  }
}
